
Microsoft Visual Studio Solution File, Format Version 9.00
# Visual Studio 2005
Project("{FAE04EC0-301F-11D3-BF4B-00C04F79EFBC}") = "AC", "AC.csproj", "{0ED66F16-837B-4487-A713-88B13DEEE541}"
	ProjectSection(WebsiteProperties) = preProject
		Debug.AspNetCompiler.Debug = "True"
		Release.AspNetCompiler.Debug = "False"
	EndProjectSection
EndProject
Global
	GlobalSection(SolutionConfigurationPlatforms) = preSolution
		Debug|Any CPU = Debug|Any CPU
		Release|Any CPU = Release|Any CPU
	EndGlobalSection
	GlobalSection(ProjectConfigurationPlatforms) = postSolution
		{0ED66F16-837B-4487-A713-88B13DEEE541}.Debug|Any CPU.ActiveCfg = Debug|Any CPU
		{0ED66F16-837B-4487-A713-88B13DEEE541}.Debug|Any CPU.Build.0 = Debug|Any CPU
		{0ED66F16-837B-4487-A713-88B13DEEE541}.Release|Any CPU.ActiveCfg = Release|Any CPU
		{0ED66F16-837B-4487-A713-88B13DEEE541}.Release|Any CPU.Build.0 = Release|Any CPU
	EndGlobalSection
	GlobalSection(SolutionProperties) = preSolution
		HideSolutionNode = FALSE
	EndGlobalSection
EndGlobal
